{
  "version": 4,
  "terraform_version": "1.11.4",
  "serial": 10,
  "lineage": "9a95764c-64f4-7020-da8d-7d5913652917",
  "outputs": {},
  "resources": [
    {
      "mode": "managed",
      "type": "azurerm_container_group",
      "name": "tf_cg_sampleapi",
      "provider": "provider[\"registry.terraform.io/hashicorp/azurerm\"]",
      "instances": [
        {
          "schema_version": 0,
          "attributes": {
            "container": [
              {
                "commands": [],
                "cpu": 1,
                "environment_variables": null,
                "gpu": [],
                "image": "rahulk86/sampleapi",
                "liveness_probe": [],
                "memory": 1,
                "name": "sampleapi",
                "ports": [
                  {
                    "port": 80,
                    "protocol": "TCP"
                  }
                ],
                "readiness_probe": [],
                "secure_environment_variables": null,
                "volume": []
              }
            ],
            "diagnostics": [],
            "dns_config": [],
            "dns_name_label": "sampleapitfs",
            "exposed_port": [
              {
                "port": 80,
                "protocol": "TCP"
              }
            ],
            "fqdn": "sampleapitfs.centralindia.azurecontainer.io",
            "id": "/subscriptions/7704f293-e06d-4c3e-9c65-423d08206b48/resourceGroups/AzureResourceGroupCreation/providers/Microsoft.ContainerInstance/containerGroups/cg_sampleapi",
            "identity": [],
            "image_registry_credential": [],
            "ip_address": "135.235.228.176",
            "ip_address_type": "Public",
            "location": "centralindia",
            "name": "cg_sampleapi",
            "network_profile_id": null,
            "os_type": "Linux",
            "resource_group_name": "AzureResourceGroupCreation",
            "restart_policy": "Always",
            "tags": null,
            "timeouts": null
          },
          "sensitive_attributes": [
            [
              {
                "type": "get_attr",
                "value": "container"
              },
              {
                "type": "index",
                "value": {
                  "value": 0,
                  "type": "number"
                }
              },
              {
                "type": "get_attr",
                "value": "secure_environment_variables"
              }
            ]
          ],
          "private": "eyJlMmJmYjczMC1lY2FhLTExZTYtOGY4OC0zNDM2M2JjN2M0YzAiOnsiY3JlYXRlIjoxODAwMDAwMDAwMDAwLCJkZWxldGUiOjE4MDAwMDAwMDAwMDAsInJlYWQiOjMwMDAwMDAwMDAwMCwidXBkYXRlIjoxODAwMDAwMDAwMDAwfX0=",
          "dependencies": [
            "azurerm_resource_group.AzureResourceGroupCreation"
          ]
        }
      ]
    },
    {
      "mode": "managed",
      "type": "azurerm_resource_group",
      "name": "AzureResourceGroupCreation",
      "provider": "provider[\"registry.terraform.io/hashicorp/azurerm\"]",
      "instances": [
        {
          "schema_version": 0,
          "attributes": {
            "id": "/subscriptions/7704f293-e06d-4c3e-9c65-423d08206b48/resourceGroups/AzureResourceGroupCreation",
            "location": "centralindia",
            "name": "AzureResourceGroupCreation",
            "tags": {},
            "timeouts": {
              "create": null,
              "delete": null,
              "read": null,
              "update": null
            }
          },
          "sensitive_attributes": [],
          "private": "eyJlMmJmYjczMC1lY2FhLTExZTYtOGY4OC0zNDM2M2JjN2M0YzAiOnsiY3JlYXRlIjo1NDAwMDAwMDAwMDAwLCJkZWxldGUiOjU0MDAwMDAwMDAwMDAsInJlYWQiOjMwMDAwMDAwMDAwMCwidXBkYXRlIjo1NDAwMDAwMDAwMDAwfSwic2NoZW1hX3ZlcnNpb24iOiIwIn0="
        }
      ]
    }
  ],
  "check_results": null
}
